// !$*UTF8*$!
{
	archiveVersion = 1;
	classes = {
	};
	objectVersion = 48;
	objects = {

/* Begin PBXBuildFile section */
		1E25F6286C2F5F7A71A81E7C /* Pods_SpotBar.framework in Frameworks */ = {isa = PBXBuildFile; fileRef = 66521BAFAA2EBB4DBD8BC1F7 /* Pods_SpotBar.framework */; };
		3441C46688C9BB7707BC5403 /* Pods_SpotBarTests.framework in Frameworks */ = {isa = PBXBuildFile; fileRef = B5F6C0375D40FF8975663E6D /* Pods_SpotBarTests.framework */; };
		59561D45B5F119DA98E83986 /* Pods_SpotBarUITests.framework in Frameworks */ = {isa = PBXBuildFile; fileRef = 99E189820CE429121FE88AEC /* Pods_SpotBarUITests.framework */; };
		BF5B1AF82045AAD700BA2FE0 /* UserSignIn.swift in Sources */ = {isa = PBXBuildFile; fileRef = BF5B1AF72045AAD700BA2FE0 /* UserSignIn.swift */; };
		BF7CFD102044EC09002DB3B2 /* register.swift in Sources */ = {isa = PBXBuildFile; fileRef = BF7CFD0F2044EC09002DB3B2 /* register.swift */; };
		BF7CFD122044EF9A002DB3B2 /* usersService.swift in Sources */ = {isa = PBXBuildFile; fileRef = BF7CFD112044EF9A002DB3B2 /* usersService.swift */; };
		BF7CFD142044F1C6002DB3B2 /* UserInject.swift in Sources */ = {isa = PBXBuildFile; fileRef = BF7CFD132044F1C6002DB3B2 /* UserInject.swift */; };
		BF7CFD162044F2D7002DB3B2 /* UserViewController.swift in Sources */ = {isa = PBXBuildFile; fileRef = BF7CFD152044F2D7002DB3B2 /* UserViewController.swift */; };
		BF7CFD182044F30C002DB3B2 /* User.swift in Sources */ = {isa = PBXBuildFile; fileRef = BF7CFD172044F30C002DB3B2 /* User.swift */; };
		BF7F121A204D925000D17DFF /* SignIN.swift in Sources */ = {isa = PBXBuildFile; fileRef = BF7F1219204D925000D17DFF /* SignIN.swift */; };
		BF964114202AF1EC00B9D82F /* AppDelegate.swift in Sources */ = {isa = PBXBuildFile; fileRef = BF964113202AF1EC00B9D82F /* AppDelegate.swift */; };
		BF964116202AF1EC00B9D82F /* RootViewController.swift in Sources */ = {isa = PBXBuildFile; fileRef = BF964115202AF1EC00B9D82F /* RootViewController.swift */; };
		BF964118202AF1EC00B9D82F /* DataViewController.swift in Sources */ = {isa = PBXBuildFile; fileRef = BF964117202AF1EC00B9D82F /* DataViewController.swift */; };
		BF96411A202AF1EC00B9D82F /* ModelController.swift in Sources */ = {isa = PBXBuildFile; fileRef = BF964119202AF1EC00B9D82F /* ModelController.swift */; };
		BF96411F202AF1ED00B9D82F /* Assets.xcassets in Resources */ = {isa = PBXBuildFile; fileRef = BF96411E202AF1ED00B9D82F /* Assets.xcassets */; };
		BF964122202AF1ED00B9D82F /* LaunchScreen.storyboard in Resources */ = {isa = PBXBuildFile; fileRef = BF964120202AF1ED00B9D82F /* LaunchScreen.storyboard */; };
		BF96412D202AF1ED00B9D82F /* SpotBarTests.swift in Sources */ = {isa = PBXBuildFile; fileRef = BF96412C202AF1ED00B9D82F /* SpotBarTests.swift */; };
		BF964138202AF1ED00B9D82F /* SpotBarUITests.swift in Sources */ = {isa = PBXBuildFile; fileRef = BF964137202AF1ED00B9D82F /* SpotBarUITests.swift */; };
		BF964147202AFC2F00B9D82F /* MapKit.framework in Frameworks */ = {isa = PBXBuildFile; fileRef = BF964146202AFC2F00B9D82F /* MapKit.framework */; };
		BFCDB47C202E570E00295A7C /* BarAnnotation.swift in Sources */ = {isa = PBXBuildFile; fileRef = BFCDB47B202E570E00295A7C /* BarAnnotation.swift */; };
		BFCDB47D202F276800295A7C /* Main.storyboard in Resources */ = {isa = PBXBuildFile; fileRef = BF96411B202AF1ED00B9D82F /* Main.storyboard */; };
		BFD53FE6204EDCBA0024D0C2 /* map.swift in Sources */ = {isa = PBXBuildFile; fileRef = BFD53FE5204EDCBA0024D0C2 /* map.swift */; };
		BFD53FE8204EDD140024D0C2 /* mapService.swift in Sources */ = {isa = PBXBuildFile; fileRef = BFD53FE7204EDD140024D0C2 /* mapService.swift */; };
		BFD53FEA204EE0E90024D0C2 /* getStuff.swift in Sources */ = {isa = PBXBuildFile; fileRef = BFD53FE9204EE0E90024D0C2 /* getStuff.swift */; };
		BFD53FEC2050475B0024D0C2 /* mapResult.swift in Sources */ = {isa = PBXBuildFile; fileRef = BFD53FEB2050475B0024D0C2 /* mapResult.swift */; };
		BFD5F6062052A50B00604A8C /* checkSchema.swift in Sources */ = {isa = PBXBuildFile; fileRef = BFD5F6052052A50B00604A8C /* checkSchema.swift */; };
		BFD5F6082052EDFB00604A8C /* friendList.swift in Sources */ = {isa = PBXBuildFile; fileRef = BFD5F6072052EDFB00604A8C /* friendList.swift */; };
		BFD5F60A2055749300604A8C /* mailUser.swift in Sources */ = {isa = PBXBuildFile; fileRef = BFD5F6092055749300604A8C /* mailUser.swift */; };
		BFFF12CE2056873300D9C323 /* QRCode.swift in Sources */ = {isa = PBXBuildFile; fileRef = BFFF12CD2056873300D9C323 /* QRCode.swift */; };
/* End PBXBuildFile section */

/* Begin PBXContainerItemProxy section */
		BF964129202AF1ED00B9D82F /* PBXContainerItemProxy */ = {
			isa = PBXContainerItemProxy;
			containerPortal = BF964108202AF1EC00B9D82F /* Project object */;
			proxyType = 1;
			remoteGlobalIDString = BF96410F202AF1EC00B9D82F;
			remoteInfo = SpotBar;
		};
		BF964134202AF1ED00B9D82F /* PBXContainerItemProxy */ = {
			isa = PBXContainerItemProxy;
			containerPortal = BF964108202AF1EC00B9D82F /* Project object */;
			proxyType = 1;
			remoteGlobalIDString = BF96410F202AF1EC00B9D82F;
			remoteInfo = SpotBar;
		};
/* End PBXContainerItemProxy section */

/* Begin PBXFileReference section */
		539B55E9A8CACC3404487B74 /* Pods-SpotBarTests.release.xcconfig */ = {isa = PBXFileReference; includeInIndex = 1; lastKnownFileType = text.xcconfig; name = "Pods-SpotBarTests.release.xcconfig"; path = "Pods/Target Support Files/Pods-SpotBarTests/Pods-SpotBarTests.release.xcconfig"; sourceTree = "<group>"; };
		66521BAFAA2EBB4DBD8BC1F7 /* Pods_SpotBar.framework */ = {isa = PBXFileReference; explicitFileType = wrapper.framework; includeInIndex = 0; path = Pods_SpotBar.framework; sourceTree = BUILT_PRODUCTS_DIR; };
		99E189820CE429121FE88AEC /* Pods_SpotBarUITests.framework */ = {isa = PBXFileReference; explicitFileType = wrapper.framework; includeInIndex = 0; path = Pods_SpotBarUITests.framework; sourceTree = BUILT_PRODUCTS_DIR; };
		A9F05E38C933CA542CE8D2F9 /* Pods-SpotBarUITests.debug.xcconfig */ = {isa = PBXFileReference; includeInIndex = 1; lastKnownFileType = text.xcconfig; name = "Pods-SpotBarUITests.debug.xcconfig"; path = "Pods/Target Support Files/Pods-SpotBarUITests/Pods-SpotBarUITests.debug.xcconfig"; sourceTree = "<group>"; };
		B362A12844EF3BBBB0D3DE8D /* Pods-SpotBar.release.xcconfig */ = {isa = PBXFileReference; includeInIndex = 1; lastKnownFileType = text.xcconfig; name = "Pods-SpotBar.release.xcconfig"; path = "Pods/Target Support Files/Pods-SpotBar/Pods-SpotBar.release.xcconfig"; sourceTree = "<group>"; };
		B5F6C0375D40FF8975663E6D /* Pods_SpotBarTests.framework */ = {isa = PBXFileReference; explicitFileType = wrapper.framework; includeInIndex = 0; path = Pods_SpotBarTests.framework; sourceTree = BUILT_PRODUCTS_DIR; };
		BA91538741EFBD2B7222638C /* Pods-SpotBarUITests.release.xcconfig */ = {isa = PBXFileReference; includeInIndex = 1; lastKnownFileType = text.xcconfig; name = "Pods-SpotBarUITests.release.xcconfig"; path = "Pods/Target Support Files/Pods-SpotBarUITests/Pods-SpotBarUITests.release.xcconfig"; sourceTree = "<group>"; };
		BF5B1AF72045AAD700BA2FE0 /* UserSignIn.swift */ = {isa = PBXFileReference; lastKnownFileType = sourcecode.swift; path = UserSignIn.swift; sourceTree = "<group>"; };
		BF7CFD0F2044EC09002DB3B2 /* register.swift */ = {isa = PBXFileReference; lastKnownFileType = sourcecode.swift; path = register.swift; sourceTree = "<group>"; };
		BF7CFD112044EF9A002DB3B2 /* usersService.swift */ = {isa = PBXFileReference; lastKnownFileType = sourcecode.swift; path = usersService.swift; sourceTree = "<group>"; };
		BF7CFD132044F1C6002DB3B2 /* UserInject.swift */ = {isa = PBXFileReference; lastKnownFileType = sourcecode.swift; path = UserInject.swift; sourceTree = "<group>"; };
		BF7CFD152044F2D7002DB3B2 /* UserViewController.swift */ = {isa = PBXFileReference; lastKnownFileType = sourcecode.swift; path = UserViewController.swift; sourceTree = "<group>"; };
		BF7CFD172044F30C002DB3B2 /* User.swift */ = {isa = PBXFileReference; lastKnownFileType = sourcecode.swift; path = User.swift; sourceTree = "<group>"; };
		BF7F1219204D925000D17DFF /* SignIN.swift */ = {isa = PBXFileReference; lastKnownFileType = sourcecode.swift; path = SignIN.swift; sourceTree = "<group>"; };
		BF964110202AF1EC00B9D82F /* SpotBar.app */ = {isa = PBXFileReference; explicitFileType = wrapper.application; includeInIndex = 0; path = SpotBar.app; sourceTree = BUILT_PRODUCTS_DIR; };
		BF964113202AF1EC00B9D82F /* AppDelegate.swift */ = {isa = PBXFileReference; lastKnownFileType = sourcecode.swift; path = AppDelegate.swift; sourceTree = "<group>"; };
		BF964115202AF1EC00B9D82F /* RootViewController.swift */ = {isa = PBXFileReference; lastKnownFileType = sourcecode.swift; path = RootViewController.swift; sourceTree = "<group>"; };
		BF964117202AF1EC00B9D82F /* DataViewController.swift */ = {isa = PBXFileReference; lastKnownFileType = sourcecode.swift; path = DataViewController.swift; sourceTree = "<group>"; };
		BF964119202AF1EC00B9D82F /* ModelController.swift */ = {isa = PBXFileReference; lastKnownFileType = sourcecode.swift; path = ModelController.swift; sourceTree = "<group>"; };
		BF96411C202AF1ED00B9D82F /* Base */ = {isa = PBXFileReference; lastKnownFileType = file.storyboard; name = Base; path = Base.lproj/Main.storyboard; sourceTree = "<group>"; };
		BF96411E202AF1ED00B9D82F /* Assets.xcassets */ = {isa = PBXFileReference; lastKnownFileType = folder.assetcatalog; path = Assets.xcassets; sourceTree = "<group>"; };
		BF964121202AF1ED00B9D82F /* Base */ = {isa = PBXFileReference; lastKnownFileType = file.storyboard; name = Base; path = Base.lproj/LaunchScreen.storyboard; sourceTree = "<group>"; };
		BF964123202AF1ED00B9D82F /* Info.plist */ = {isa = PBXFileReference; lastKnownFileType = text.plist.xml; path = Info.plist; sourceTree = "<group>"; };
		BF964128202AF1ED00B9D82F /* SpotBarTests.xctest */ = {isa = PBXFileReference; explicitFileType = wrapper.cfbundle; includeInIndex = 0; path = SpotBarTests.xctest; sourceTree = BUILT_PRODUCTS_DIR; };
		BF96412C202AF1ED00B9D82F /* SpotBarTests.swift */ = {isa = PBXFileReference; lastKnownFileType = sourcecode.swift; path = SpotBarTests.swift; sourceTree = "<group>"; };
		BF96412E202AF1ED00B9D82F /* Info.plist */ = {isa = PBXFileReference; lastKnownFileType = text.plist.xml; path = Info.plist; sourceTree = "<group>"; };
		BF964133202AF1ED00B9D82F /* SpotBarUITests.xctest */ = {isa = PBXFileReference; explicitFileType = wrapper.cfbundle; includeInIndex = 0; path = SpotBarUITests.xctest; sourceTree = BUILT_PRODUCTS_DIR; };
		BF964137202AF1ED00B9D82F /* SpotBarUITests.swift */ = {isa = PBXFileReference; lastKnownFileType = sourcecode.swift; path = SpotBarUITests.swift; sourceTree = "<group>"; };
		BF964139202AF1ED00B9D82F /* Info.plist */ = {isa = PBXFileReference; lastKnownFileType = text.plist.xml; path = Info.plist; sourceTree = "<group>"; };
		BF964146202AFC2F00B9D82F /* MapKit.framework */ = {isa = PBXFileReference; lastKnownFileType = wrapper.framework; name = MapKit.framework; path = System/Library/Frameworks/MapKit.framework; sourceTree = SDKROOT; };
		BFCDB47B202E570E00295A7C /* BarAnnotation.swift */ = {isa = PBXFileReference; lastKnownFileType = sourcecode.swift; path = BarAnnotation.swift; sourceTree = "<group>"; };
		BFD53FE5204EDCBA0024D0C2 /* map.swift */ = {isa = PBXFileReference; lastKnownFileType = sourcecode.swift; path = map.swift; sourceTree = "<group>"; };
		BFD53FE7204EDD140024D0C2 /* mapService.swift */ = {isa = PBXFileReference; lastKnownFileType = sourcecode.swift; path = mapService.swift; sourceTree = "<group>"; };
		BFD53FE9204EE0E90024D0C2 /* getStuff.swift */ = {isa = PBXFileReference; lastKnownFileType = sourcecode.swift; path = getStuff.swift; sourceTree = "<group>"; };
		BFD53FEB2050475B0024D0C2 /* mapResult.swift */ = {isa = PBXFileReference; lastKnownFileType = sourcecode.swift; path = mapResult.swift; sourceTree = "<group>"; };
		BFD5F6052052A50B00604A8C /* checkSchema.swift */ = {isa = PBXFileReference; lastKnownFileType = sourcecode.swift; path = checkSchema.swift; sourceTree = "<group>"; };
		BFD5F6072052EDFB00604A8C /* friendList.swift */ = {isa = PBXFileReference; lastKnownFileType = sourcecode.swift; path = friendList.swift; sourceTree = "<group>"; };
		BFD5F6092055749300604A8C /* mailUser.swift */ = {isa = PBXFileReference; lastKnownFileType = sourcecode.swift; path = mailUser.swift; sourceTree = "<group>"; };
		BFFF12CD2056873300D9C323 /* QRCode.swift */ = {isa = PBXFileReference; lastKnownFileType = sourcecode.swift; path = QRCode.swift; sourceTree = "<group>"; };
		ECE536E348882AA7E37FD639 /* Pods-SpotBar.debug.xcconfig */ = {isa = PBXFileReference; includeInIndex = 1; lastKnownFileType = text.xcconfig; name = "Pods-SpotBar.debug.xcconfig"; path = "Pods/Target Support Files/Pods-SpotBar/Pods-SpotBar.debug.xcconfig"; sourceTree = "<group>"; };
		F2D31AD18BC034EBF954E75B /* Pods-SpotBarTests.debug.xcconfig */ = {isa = PBXFileReference; includeInIndex = 1; lastKnownFileType = text.xcconfig; name = "Pods-SpotBarTests.debug.xcconfig"; path = "Pods/Target Support Files/Pods-SpotBarTests/Pods-SpotBarTests.debug.xcconfig"; sourceTree = "<group>"; };
/* End PBXFileReference section */

/* Begin PBXFrameworksBuildPhase section */
		BF96410D202AF1EC00B9D82F /* Frameworks */ = {
			isa = PBXFrameworksBuildPhase;
			buildActionMask = 2147483647;
			files = (
				BF964147202AFC2F00B9D82F /* MapKit.framework in Frameworks */,
				1E25F6286C2F5F7A71A81E7C /* Pods_SpotBar.framework in Frameworks */,
			);
			runOnlyForDeploymentPostprocessing = 0;
		};
		BF964125202AF1ED00B9D82F /* Frameworks */ = {
			isa = PBXFrameworksBuildPhase;
			buildActionMask = 2147483647;
			files = (
				3441C46688C9BB7707BC5403 /* Pods_SpotBarTests.framework in Frameworks */,
			);
			runOnlyForDeploymentPostprocessing = 0;
		};
		BF964130202AF1ED00B9D82F /* Frameworks */ = {
			isa = PBXFrameworksBuildPhase;
			buildActionMask = 2147483647;
			files = (
				59561D45B5F119DA98E83986 /* Pods_SpotBarUITests.framework in Frameworks */,
			);
			runOnlyForDeploymentPostprocessing = 0;
		};
/* End PBXFrameworksBuildPhase section */

/* Begin PBXGroup section */
		74DA480849575AAE35A0FF5A /* Pods */ = {
			isa = PBXGroup;
			children = (
				ECE536E348882AA7E37FD639 /* Pods-SpotBar.debug.xcconfig */,
				B362A12844EF3BBBB0D3DE8D /* Pods-SpotBar.release.xcconfig */,
				F2D31AD18BC034EBF954E75B /* Pods-SpotBarTests.debug.xcconfig */,
				539B55E9A8CACC3404487B74 /* Pods-SpotBarTests.release.xcconfig */,
				A9F05E38C933CA542CE8D2F9 /* Pods-SpotBarUITests.debug.xcconfig */,
				BA91538741EFBD2B7222638C /* Pods-SpotBarUITests.release.xcconfig */,
			);
			name = Pods;
			sourceTree = "<group>";
		};
		BF3D56282044969E00464B72 /* models */ = {
			isa = PBXGroup;
			children = (
				BFD53FEB2050475B0024D0C2 /* mapResult.swift */,
				BFD5F6052052A50B00604A8C /* checkSchema.swift */,
				BFD53FE9204EE0E90024D0C2 /* getStuff.swift */,
				BF7F1219204D925000D17DFF /* SignIN.swift */,
				BF7CFD172044F30C002DB3B2 /* User.swift */,
				BFD5F6072052EDFB00604A8C /* friendList.swift */,
				BFD5F6092055749300604A8C /* mailUser.swift */,
			);
			path = models;
			sourceTree = "<group>";
		};
		BF3D5629204496AD00464B72 /* Services */ = {
			isa = PBXGroup;
			children = (
				BF7CFD0F2044EC09002DB3B2 /* register.swift */,
				BF7CFD112044EF9A002DB3B2 /* usersService.swift */,
				BFD53FE5204EDCBA0024D0C2 /* map.swift */,
				BFD53FE7204EDD140024D0C2 /* mapService.swift */,
			);
			path = Services;
			sourceTree = "<group>";
		};
		BF964107202AF1EC00B9D82F = {
			isa = PBXGroup;
			children = (
				BF964112202AF1EC00B9D82F /* SpotBar */,
				BF96412B202AF1ED00B9D82F /* SpotBarTests */,
				BF964136202AF1ED00B9D82F /* SpotBarUITests */,
				BF964111202AF1EC00B9D82F /* Products */,
				BF964145202AFC2F00B9D82F /* Frameworks */,
				74DA480849575AAE35A0FF5A /* Pods */,
			);
			sourceTree = "<group>";
		};
		BF964111202AF1EC00B9D82F /* Products */ = {
			isa = PBXGroup;
			children = (
				BF964110202AF1EC00B9D82F /* SpotBar.app */,
				BF964128202AF1ED00B9D82F /* SpotBarTests.xctest */,
				BF964133202AF1ED00B9D82F /* SpotBarUITests.xctest */,
			);
			name = Products;
			sourceTree = "<group>";
		};
		BF964112202AF1EC00B9D82F /* SpotBar */ = {
			isa = PBXGroup;
			children = (
				BF3D5629204496AD00464B72 /* Services */,
				BF3D56282044969E00464B72 /* models */,
				BF964113202AF1EC00B9D82F /* AppDelegate.swift */,
				BF964115202AF1EC00B9D82F /* RootViewController.swift */,
				BF964117202AF1EC00B9D82F /* DataViewController.swift */,
				BF964119202AF1EC00B9D82F /* ModelController.swift */,
				BF96411B202AF1ED00B9D82F /* Main.storyboard */,
				BF96411E202AF1ED00B9D82F /* Assets.xcassets */,
				BF964120202AF1ED00B9D82F /* LaunchScreen.storyboard */,
				BF964123202AF1ED00B9D82F /* Info.plist */,
				BFCDB47B202E570E00295A7C /* BarAnnotation.swift */,
				BF7CFD132044F1C6002DB3B2 /* UserInject.swift */,
				BF7CFD152044F2D7002DB3B2 /* UserViewController.swift */,
				BF5B1AF72045AAD700BA2FE0 /* UserSignIn.swift */,
				BFFF12CD2056873300D9C323 /* QRCode.swift */,
			);
			path = SpotBar;
			sourceTree = "<group>";
		};
		BF96412B202AF1ED00B9D82F /* SpotBarTests */ = {
			isa = PBXGroup;
			children = (
				BF96412C202AF1ED00B9D82F /* SpotBarTests.swift */,
				BF96412E202AF1ED00B9D82F /* Info.plist */,
			);
			path = SpotBarTests;
			sourceTree = "<group>";
		};
		BF964136202AF1ED00B9D82F /* SpotBarUITests */ = {
			isa = PBXGroup;
			children = (
				BF964137202AF1ED00B9D82F /* SpotBarUITests.swift */,
				BF964139202AF1ED00B9D82F /* Info.plist */,
			);
			path = SpotBarUITests;
			sourceTree = "<group>";
		};
		BF964145202AFC2F00B9D82F /* Frameworks */ = {
			isa = PBXGroup;
			children = (
				BF964146202AFC2F00B9D82F /* MapKit.framework */,
				66521BAFAA2EBB4DBD8BC1F7 /* Pods_SpotBar.framework */,
				B5F6C0375D40FF8975663E6D /* Pods_SpotBarTests.framework */,
				99E189820CE429121FE88AEC /* Pods_SpotBarUITests.framework */,
			);
			name = Frameworks;
			sourceTree = "<group>";
		};
/* End PBXGroup section */

/* Begin PBXNativeTarget section */
		BF96410F202AF1EC00B9D82F /* SpotBar */ = {
			isa = PBXNativeTarget;
			buildConfigurationList = BF96413C202AF1ED00B9D82F /* Build configuration list for PBXNativeTarget "SpotBar" */;
			buildPhases = (
				2ADF0159AFD1549F0700A4FE /* [CP] Check Pods Manifest.lock */,
				BF96410C202AF1EC00B9D82F /* Sources */,
				BF96410D202AF1EC00B9D82F /* Frameworks */,
				BF96410E202AF1EC00B9D82F /* Resources */,
				F19E020D192C32A066E2FC70 /* [CP] Embed Pods Frameworks */,
				B984D8381C348B208C0D7FE1 /* [CP] Copy Pods Resources */,
			);
			buildRules = (
			);
			dependencies = (
			);
			name = SpotBar;
			productName = SpotBar;
			productReference = BF964110202AF1EC00B9D82F /* SpotBar.app */;
			productType = "com.apple.product-type.application";
		};
		BF964127202AF1ED00B9D82F /* SpotBarTests */ = {
			isa = PBXNativeTarget;
			buildConfigurationList = BF96413F202AF1ED00B9D82F /* Build configuration list for PBXNativeTarget "SpotBarTests" */;
			buildPhases = (
				6D1B88AF6416D1F641DB53BE /* [CP] Check Pods Manifest.lock */,
				BF964124202AF1ED00B9D82F /* Sources */,
				BF964125202AF1ED00B9D82F /* Frameworks */,
				BF964126202AF1ED00B9D82F /* Resources */,
				0EEC0DB4F4DDA1F6DCCD7CB0 /* [CP] Embed Pods Frameworks */,
				ADCE26DF2CD3878A7370E5D9 /* [CP] Copy Pods Resources */,
			);
			buildRules = (
			);
			dependencies = (
				BF96412A202AF1ED00B9D82F /* PBXTargetDependency */,
			);
			name = SpotBarTests;
			productName = SpotBarTests;
			productReference = BF964128202AF1ED00B9D82F /* SpotBarTests.xctest */;
			productType = "com.apple.product-type.bundle.unit-test";
		};
		BF964132202AF1ED00B9D82F /* SpotBarUITests */ = {
			isa = PBXNativeTarget;
			buildConfigurationList = BF964142202AF1ED00B9D82F /* Build configuration list for PBXNativeTarget "SpotBarUITests" */;
			buildPhases = (
				979E381BAC72B422C5F111E5 /* [CP] Check Pods Manifest.lock */,
				BF96412F202AF1ED00B9D82F /* Sources */,
				BF964130202AF1ED00B9D82F /* Frameworks */,
				BF964131202AF1ED00B9D82F /* Resources */,
				B9AEC553D8D14B91CFDA9457 /* [CP] Embed Pods Frameworks */,
				FC5140214A91E873EBB3E618 /* [CP] Copy Pods Resources */,
			);
			buildRules = (
			);
			dependencies = (
				BF964135202AF1ED00B9D82F /* PBXTargetDependency */,
			);
			name = SpotBarUITests;
			productName = SpotBarUITests;
			productReference = BF964133202AF1ED00B9D82F /* SpotBarUITests.xctest */;
			productType = "com.apple.product-type.bundle.ui-testing";
		};
/* End PBXNativeTarget section */

/* Begin PBXProject section */
		BF964108202AF1EC00B9D82F /* Project object */ = {
			isa = PBXProject;
			attributes = {
				LastSwiftUpdateCheck = 0920;
				LastUpgradeCheck = 0920;
				ORGANIZATIONNAME = "Victor moreau";
				TargetAttributes = {
					BF96410F202AF1EC00B9D82F = {
						CreatedOnToolsVersion = 9.2;
						ProvisioningStyle = Automatic;
						SystemCapabilities = {
							com.apple.Maps.iOS = {
								enabled = 1;
							};
						};
					};
					BF964127202AF1ED00B9D82F = {
						CreatedOnToolsVersion = 9.2;
						ProvisioningStyle = Automatic;
						TestTargetID = BF96410F202AF1EC00B9D82F;
					};
					BF964132202AF1ED00B9D82F = {
						CreatedOnToolsVersion = 9.2;
						ProvisioningStyle = Automatic;
						TestTargetID = BF96410F202AF1EC00B9D82F;
					};
				};
			};
			buildConfigurationList = BF96410B202AF1EC00B9D82F /* Build configuration list for PBXProject "SpotBar" */;
			compatibilityVersion = "Xcode 8.0";
			developmentRegion = en;
			hasScannedForEncodings = 0;
			knownRegions = (
				en,
				Base,
			);
			mainGroup = BF964107202AF1EC00B9D82F;
			productRefGroup = BF964111202AF1EC00B9D82F /* Products */;
			projectDirPath = "";
			projectRoot = "";
			targets = (
				BF96410F202AF1EC00B9D82F /* SpotBar */,
				BF964127202AF1ED00B9D82F /* SpotBarTests */,
				BF964132202AF1ED00B9D82F /* SpotBarUITests */,
			);
		};
/* End PBXProject section */

/* Begin PBXResourcesBuildPhase section */
		BF96410E202AF1EC00B9D82F /* Resources */ = {
			isa = PBXResourcesBuildPhase;
			buildActionMask = 2147483647;
			files = (
				BFCDB47D202F276800295A7C /* Main.storyboard in Resources */,
				BF964122202AF1ED00B9D82F /* LaunchScreen.storyboard in Resources */,
				BF96411F202AF1ED00B9D82F /* Assets.xcassets in Resources */,
			);
			runOnlyForDeploymentPostprocessing = 0;
		};
		BF964126202AF1ED00B9D82F /* Resources */ = {
			isa = PBXResourcesBuildPhase;
			buildActionMask = 2147483647;
			files = (
			);
			runOnlyForDeploymentPostprocessing = 0;
		};
		BF964131202AF1ED00B9D82F /* Resources */ = {
			isa = PBXResourcesBuildPhase;
			buildActionMask = 2147483647;
			files = (
			);
			runOnlyForDeploymentPostprocessing = 0;
		};
/* End PBXResourcesBuildPhase section */

/* Begin PBXShellScriptBuildPhase section */
		0EEC0DB4F4DDA1F6DCCD7CB0 /* [CP] Embed Pods Frameworks */ = {
			isa = PBXShellScriptBuildPhase;
			buildActionMask = 2147483647;
			files = (
			);
			inputPaths = (
			);
			name = "[CP] Embed Pods Frameworks";
			outputPaths = (
			);
			runOnlyForDeploymentPostprocessing = 0;
			shellPath = /bin/sh;
			shellScript = "\"${SRCROOT}/Pods/Target Support Files/Pods-SpotBarTests/Pods-SpotBarTests-frameworks.sh\"\n";
			showEnvVarsInLog = 0;
		};
		2ADF0159AFD1549F0700A4FE /* [CP] Check Pods Manifest.lock */ = {
			isa = PBXShellScriptBuildPhase;
			buildActionMask = 2147483647;
			files = (
			);
			inputPaths = (
				"${PODS_PODFILE_DIR_PATH}/Podfile.lock",
				"${PODS_ROOT}/Manifest.lock",
			);
			name = "[CP] Check Pods Manifest.lock";
			outputPaths = (
				"$(DERIVED_FILE_DIR)/Pods-SpotBar-checkManifestLockResult.txt",
			);
			runOnlyForDeploymentPostprocessing = 0;
			shellPath = /bin/sh;
			shellScript = "diff \"${PODS_PODFILE_DIR_PATH}/Podfile.lock\" \"${PODS_ROOT}/Manifest.lock\" > /dev/null\nif [ $? != 0 ] ; then\n    # print error to STDERR\n    echo \"error: The sandbox is not in sync with the Podfile.lock. Run 'pod install' or update your CocoaPods installation.\" >&2\n    exit 1\nfi\n# This output is used by Xcode 'outputs' to avoid re-running this script phase.\necho \"SUCCESS\" > \"${SCRIPT_OUTPUT_FILE_0}\"\n";
			showEnvVarsInLog = 0;
		};
		6D1B88AF6416D1F641DB53BE /* [CP] Check Pods Manifest.lock */ = {
			isa = PBXShellScriptBuildPhase;
			buildActionMask = 2147483647;
			files = (
			);
			inputPaths = (
				"${PODS_PODFILE_DIR_PATH}/Podfile.lock",
				"${PODS_ROOT}/Manifest.lock",
			);
			name = "[CP] Check Pods Manifest.lock";
			outputPaths = (
				"$(DERIVED_FILE_DIR)/Pods-SpotBarTests-checkManifestLockResult.txt",
			);
			runOnlyForDeploymentPostprocessing = 0;
			shellPath = /bin/sh;
			shellScript = "diff \"${PODS_PODFILE_DIR_PATH}/Podfile.lock\" \"${PODS_ROOT}/Manifest.lock\" > /dev/null\nif [ $? != 0 ] ; then\n    # print error to STDERR\n    echo \"error: The sandbox is not in sync with the Podfile.lock. Run 'pod install' or update your CocoaPods installation.\" >&2\n    exit 1\nfi\n# This output is used by Xcode 'outputs' to avoid re-running this script phase.\necho \"SUCCESS\" > \"${SCRIPT_OUTPUT_FILE_0}\"\n";
			showEnvVarsInLog = 0;
		};
		979E381BAC72B422C5F111E5 /* [CP] Check Pods Manifest.lock */ = {
			isa = PBXShellScriptBuildPhase;
			buildActionMask = 2147483647;
			files = (
			);
			inputPaths = (
				"${PODS_PODFILE_DIR_PATH}/Podfile.lock",
				"${PODS_ROOT}/Manifest.lock",
			);
			name = "[CP] Check Pods Manifest.lock";
			outputPaths = (
				"$(DERIVED_FILE_DIR)/Pods-SpotBarUITests-checkManifestLockResult.txt",
			);
			runOnlyForDeploymentPostprocessing = 0;
			shellPath = /bin/sh;
			shellScript = "diff \"${PODS_PODFILE_DIR_PATH}/Podfile.lock\" \"${PODS_ROOT}/Manifest.lock\" > /dev/null\nif [ $? != 0 ] ; then\n    # print error to STDERR\n    echo \"error: The sandbox is not in sync with the Podfile.lock. Run 'pod install' or update your CocoaPods installation.\" >&2\n    exit 1\nfi\n# This output is used by Xcode 'outputs' to avoid re-running this script phase.\necho \"SUCCESS\" > \"${SCRIPT_OUTPUT_FILE_0}\"\n";
			showEnvVarsInLog = 0;
		};
		ADCE26DF2CD3878A7370E5D9 /* [CP] Copy Pods Resources */ = {
			isa = PBXShellScriptBuildPhase;
			buildActionMask = 2147483647;
			files = (
			);
			inputPaths = (
			);
			name = "[CP] Copy Pods Resources";
			outputPaths = (
			);
			runOnlyForDeploymentPostprocessing = 0;
			shellPath = /bin/sh;
			shellScript = "\"${SRCROOT}/Pods/Target Support Files/Pods-SpotBarTests/Pods-SpotBarTests-resources.sh\"\n";
			showEnvVarsInLog = 0;
		};
		B984D8381C348B208C0D7FE1 /* [CP] Copy Pods Resources */ = {
			isa = PBXShellScriptBuildPhase;
			buildActionMask = 2147483647;
			files = (
			);
			inputPaths = (
			);
			name = "[CP] Copy Pods Resources";
			outputPaths = (
			);
			runOnlyForDeploymentPostprocessing = 0;
			shellPath = /bin/sh;
			shellScript = "\"${SRCROOT}/Pods/Target Support Files/Pods-SpotBar/Pods-SpotBar-resources.sh\"\n";
			showEnvVarsInLog = 0;
		};
		B9AEC553D8D14B91CFDA9457 /* [CP] Embed Pods Frameworks */ = {
			isa = PBXShellScriptBuildPhase;
			buildActionMask = 2147483647;
			files = (
			);
			inputPaths = (
			);
			name = "[CP] Embed Pods Frameworks";
			outputPaths = (
			);
			runOnlyForDeploymentPostprocessing = 0;
			shellPath = /bin/sh;
			shellScript = "\"${SRCROOT}/Pods/Target Support Files/Pods-SpotBarUITests/Pods-SpotBarUITests-frameworks.sh\"\n";
			showEnvVarsInLog = 0;
		};
		F19E020D192C32A066E2FC70 /* [CP] Embed Pods Frameworks */ = {
			isa = PBXShellScriptBuildPhase;
			buildActionMask = 2147483647;
			files = (
			);
			inputPaths = (
				"${SRCROOT}/Pods/Target Support Files/Pods-SpotBar/Pods-SpotBar-frameworks.sh",
				"${BUILT_PRODUCTS_DIR}/Alamofire/Alamofire.framework",
				"${BUILT_PRODUCTS_DIR}/Swinject/Swinject.framework",
				"${BUILT_PRODUCTS_DIR}/SwinjectStoryboard/SwinjectStoryboard.framework",
			);
			name = "[CP] Embed Pods Frameworks";
			outputPaths = (
				"${TARGET_BUILD_DIR}/${FRAMEWORKS_FOLDER_PATH}/Alamofire.framework",
				"${TARGET_BUILD_DIR}/${FRAMEWORKS_FOLDER_PATH}/Swinject.framework",
				"${TARGET_BUILD_DIR}/${FRAMEWORKS_FOLDER_PATH}/SwinjectStoryboard.framework",
			);
			runOnlyForDeploymentPostprocessing = 0;
			shellPath = /bin/sh;
			shellScript = "\"${SRCROOT}/Pods/Target Support Files/Pods-SpotBar/Pods-SpotBar-frameworks.sh\"\n";
			showEnvVarsInLog = 0;
		};
		FC5140214A91E873EBB3E618 /* [CP] Copy Pods Resources */ = {
			isa = PBXShellScriptBuildPhase;
			buildActionMask = 2147483647;
			files = (
			);
			inputPaths = (
			);
			name = "[CP] Copy Pods Resources";
			outputPaths = (
			);
			runOnlyForDeploymentPostprocessing = 0;
			shellPath = /bin/sh;
			shellScript = "\"${SRCROOT}/Pods/Target Support Files/Pods-SpotBarUITests/Pods-SpotBarUITests-resources.sh\"\n";
			showEnvVarsInLog = 0;
		};
/* End PBXShellScriptBuildPhase section */

/* Begin PBXSourcesBuildPhase section */
		BF96410C202AF1EC00B9D82F /* Sources */ = {
			isa = PBXSourcesBuildPhase;
			buildActionMask = 2147483647;
			files = (
				BFCDB47C202E570E00295A7C /* BarAnnotation.swift in Sources */,
				BF7CFD162044F2D7002DB3B2 /* UserViewController.swift in Sources */,
				BF7CFD142044F1C6002DB3B2 /* UserInject.swift in Sources */,
				BF7CFD102044EC09002DB3B2 /* register.swift in Sources */,
				BF964116202AF1EC00B9D82F /* RootViewController.swift in Sources */,
				BF96411A202AF1EC00B9D82F /* ModelController.swift in Sources */,
				BF7CFD122044EF9A002DB3B2 /* usersService.swift in Sources */,
				BFD53FEC2050475B0024D0C2 /* mapResult.swift in Sources */,
				BFD5F60A2055749300604A8C /* mailUser.swift in Sources */,
				BFFF12CE2056873300D9C323 /* QRCode.swift in Sources */,
				BF7F121A204D925000D17DFF /* SignIN.swift in Sources */,
				BF964118202AF1EC00B9D82F /* DataViewController.swift in Sources */,
				BF7CFD182044F30C002DB3B2 /* User.swift in Sources */,
				BFD53FEA204EE0E90024D0C2 /* getStuff.swift in Sources */,
				BFD53FE8204EDD140024D0C2 /* mapService.swift in Sources */,
				BF5B1AF82045AAD700BA2FE0 /* UserSignIn.swift in Sources */,
				BFD53FE6204EDCBA0024D0C2 /* map.swift in Sources */,
				BFD5F6082052EDFB00604A8C /* friendList.swift in Sources */,
				BFD5F6062052A50B00604A8C /* checkSchema.swift in Sources */,
				BF964114202AF1EC00B9D82F /* AppDelegate.swift in Sources */,
			);
			runOnlyForDeploymentPostprocessing = 0;
		};
		BF964124202AF1ED00B9D82F /* Sources */ = {
			isa = PBXSourcesBuildPhase;
			buildActionMask = 2147483647;
			files = (
				BF96412D202AF1ED00B9D82F /* SpotBarTests.swift in Sources */,
			);
			runOnlyForDeploymentPostprocessing = 0;
		};
		BF96412F202AF1ED00B9D82F /* Sources */ = {
			isa = PBXSourcesBuildPhase;
			buildActionMask = 2147483647;
			files = (
				BF964138202AF1ED00B9D82F /* SpotBarUITests.swift in Sources */,
			);
			runOnlyForDeploymentPostprocessing = 0;
		};
/* End PBXSourcesBuildPhase section */

/* Begin PBXTargetDependency section */
		BF96412A202AF1ED00B9D82F /* PBXTargetDependency */ = {
			isa = PBXTargetDependency;
			target = BF96410F202AF1EC00B9D82F /* SpotBar */;
			targetProxy = BF964129202AF1ED00B9D82F /* PBXContainerItemProxy */;
		};
		BF964135202AF1ED00B9D82F /* PBXTargetDependency */ = {
			isa = PBXTargetDependency;
			target = BF96410F202AF1EC00B9D82F /* SpotBar */;
			targetProxy = BF964134202AF1ED00B9D82F /* PBXContainerItemProxy */;
		};
/* End PBXTargetDependency section */

/* Begin PBXVariantGroup section */
		BF96411B202AF1ED00B9D82F /* Main.storyboard */ = {
			isa = PBXVariantGroup;
			children = (
				BF96411C202AF1ED00B9D82F /* Base */,
			);
			name = Main.storyboard;
			sourceTree = "<group>";
		};
		BF964120202AF1ED00B9D82F /* LaunchScreen.storyboard */ = {
			isa = PBXVariantGroup;
			children = (
				BF964121202AF1ED00B9D82F /* Base */,
			);
			name = LaunchScreen.storyboard;
			sourceTree = "<group>";
		};
/* End PBXVariantGroup section */

/* Begin XCBuildConfiguration section */
		BF96413A202AF1ED00B9D82F /* Debug */ = {
			isa = XCBuildConfiguration;
			buildSettings = {
				ALWAYS_SEARCH_USER_PATHS = NO;
				CLANG_ANALYZER_NONNULL = YES;
				CLANG_ANALYZER_NUMBER_OBJECT_CONVERSION = YES_AGGRESSIVE;
				CLANG_CXX_LANGUAGE_STANDARD = "gnu++14";
				CLANG_CXX_LIBRARY = "libc++";
				CLANG_ENABLE_MODULES = YES;
				CLANG_ENABLE_OBJC_ARC = YES;
				CLANG_WARN_BLOCK_CAPTURE_AUTORELEASING = YES;
				CLANG_WARN_BOOL_CONVERSION = YES;
				CLANG_WARN_COMMA = YES;
				CLANG_WARN_CONSTANT_CONVERSION = YES;
				CLANG_WARN_DIRECT_OBJC_ISA_USAGE = YES_ERROR;
				CLANG_WARN_DOCUMENTATION_COMMENTS = YES;
				CLANG_WARN_EMPTY_BODY = YES;
				CLANG_WARN_ENUM_CONVERSION = YES;
				CLANG_WARN_INFINITE_RECURSION = YES;
				CLANG_WARN_INT_CONVERSION = YES;
				CLANG_WARN_NON_LITERAL_NULL_CONVERSION = YES;
				CLANG_WARN_OBJC_LITERAL_CONVERSION = YES;
				CLANG_WARN_OBJC_ROOT_CLASS = YES_ERROR;
				CLANG_WARN_RANGE_LOOP_ANALYSIS = YES;
				CLANG_WARN_STRICT_PROTOTYPES = YES;
				CLANG_WARN_SUSPICIOUS_MOVE = YES;
				CLANG_WARN_UNGUARDED_AVAILABILITY = YES_AGGRESSIVE;
				CLANG_WARN_UNREACHABLE_CODE = YES;
				CLANG_WARN__DUPLICATE_METHOD_MATCH = YES;
				CODE_SIGN_IDENTITY = "iPhone Developer";
				COPY_PHASE_STRIP = NO;
				DEBUG_INFORMATION_FORMAT = dwarf;
				ENABLE_STRICT_OBJC_MSGSEND = YES;
				ENABLE_TESTABILITY = YES;
				GCC_C_LANGUAGE_STANDARD = gnu11;
				GCC_DYNAMIC_NO_PIC = NO;
				GCC_NO_COMMON_BLOCKS = YES;
				GCC_OPTIMIZATION_LEVEL = 0;
				GCC_PREPROCESSOR_DEFINITIONS = (
					"DEBUG=1",
					"$(inherited)",
				);
				GCC_WARN_64_TO_32_BIT_CONVERSION = YES;
				GCC_WARN_ABOUT_RETURN_TYPE = YES_ERROR;
				GCC_WARN_UNDECLARED_SELECTOR = YES;
				GCC_WARN_UNINITIALIZED_AUTOS = YES_AGGRESSIVE;
				GCC_WARN_UNUSED_FUNCTION = YES;
				GCC_WARN_UNUSED_VARIABLE = YES;
				IPHONEOS_DEPLOYMENT_TARGET = 11.2;
				MTL_ENABLE_DEBUG_INFO = YES;
				ONLY_ACTIVE_ARCH = YES;
				SDKROOT = iphoneos;
				SWIFT_ACTIVE_COMPILATION_CONDITIONS = DEBUG;
				SWIFT_OPTIMIZATION_LEVEL = "-Onone";
			};
			name = Debug;
		};
		BF96413B202AF1ED00B9D82F /* Release */ = {
			isa = XCBuildConfiguration;
			buildSettings = {
				ALWAYS_SEARCH_USER_PATHS = NO;
				CLANG_ANALYZER_NONNULL = YES;
				CLANG_ANALYZER_NUMBER_OBJECT_CONVERSION = YES_AGGRESSIVE;
				CLANG_CXX_LANGUAGE_STANDARD = "gnu++14";
				CLANG_CXX_LIBRARY = "libc++";
				CLANG_ENABLE_MODULES = YES;
				CLANG_ENABLE_OBJC_ARC = YES;
				CLANG_WARN_BLOCK_CAPTURE_AUTORELEASING = YES;
				CLANG_WARN_BOOL_CONVERSION = YES;
				CLANG_WARN_COMMA = YES;
				CLANG_WARN_CONSTANT_CONVERSION = YES;
				CLANG_WARN_DIRECT_OBJC_ISA_USAGE = YES_ERROR;
				CLANG_WARN_DOCUMENTATION_COMMENTS = YES;
				CLANG_WARN_EMPTY_BODY = YES;
				CLANG_WARN_ENUM_CONVERSION = YES;
				CLANG_WARN_INFINITE_RECURSION = YES;
				CLANG_WARN_INT_CONVERSION = YES;
				CLANG_WARN_NON_LITERAL_NULL_CONVERSION = YES;
				CLANG_WARN_OBJC_LITERAL_CONVERSION = YES;
				CLANG_WARN_OBJC_ROOT_CLASS = YES_ERROR;
				CLANG_WARN_RANGE_LOOP_ANALYSIS = YES;
				CLANG_WARN_STRICT_PROTOTYPES = YES;
				CLANG_WARN_SUSPICIOUS_MOVE = YES;
				CLANG_WARN_UNGUARDED_AVAILABILITY = YES_AGGRESSIVE;
				CLANG_WARN_UNREACHABLE_CODE = YES;
				CLANG_WARN__DUPLICATE_METHOD_MATCH = YES;
				CODE_SIGN_IDENTITY = "iPhone Developer";
				COPY_PHASE_STRIP = NO;
				DEBUG_INFORMATION_FORMAT = "dwarf-with-dsym";
				ENABLE_NS_ASSERTIONS = NO;
				ENABLE_STRICT_OBJC_MSGSEND = YES;
				GCC_C_LANGUAGE_STANDARD = gnu11;
				GCC_NO_COMMON_BLOCKS = YES;
				GCC_WARN_64_TO_32_BIT_CONVERSION = YES;
				GCC_WARN_ABOUT_RETURN_TYPE = YES_ERROR;
				GCC_WARN_UNDECLARED_SELECTOR = YES;
				GCC_WARN_UNINITIALIZED_AUTOS = YES_AGGRESSIVE;
				GCC_WARN_UNUSED_FUNCTION = YES;
				GCC_WARN_UNUSED_VARIABLE = YES;
				IPHONEOS_DEPLOYMENT_TARGET = 11.2;
				MTL_ENABLE_DEBUG_INFO = NO;
				SDKROOT = iphoneos;
				SWIFT_OPTIMIZATION_LEVEL = "-Owholemodule";
				VALIDATE_PRODUCT = YES;
			};
			name = Release;
		};
		BF96413D202AF1ED00B9D82F /* Debug */ = {
			isa = XCBuildConfiguration;
			baseConfigurationReference = ECE536E348882AA7E37FD639 /* Pods-SpotBar.debug.xcconfig */;
			buildSettings = {
				ASSETCATALOG_COMPILER_APPICON_NAME = AppIcon;
				CODE_SIGN_STYLE = Automatic;
				DEVELOPMENT_TEAM = G6KSK5VN6U;
				INFOPLIST_FILE = SpotBar/Info.plist;
				LD_RUNPATH_SEARCH_PATHS = "$(inherited) @executable_path/Frameworks";
				PRODUCT_BUNDLE_IDENTIFIER = com.spotbar.SpotBar;
				PRODUCT_NAME = "$(TARGET_NAME)";
				SWIFT_VERSION = 4.0;
				TARGETED_DEVICE_FAMILY = "1,2";
			};
			name = Debug;
		};
		BF96413E202AF1ED00B9D82F /* Release */ = {
			isa = XCBuildConfiguration;
			baseConfigurationReference = B362A12844EF3BBBB0D3DE8D /* Pods-SpotBar.release.xcconfig */;
			buildSettings = {
				ASSETCATALOG_COMPILER_APPICON_NAME = AppIcon;
				CODE_SIGN_STYLE = Automatic;
				DEVELOPMENT_TEAM = G6KSK5VN6U;
				INFOPLIST_FILE = SpotBar/Info.plist;
				LD_RUNPATH_SEARCH_PATHS = "$(inherited) @executable_path/Frameworks";
				PRODUCT_BUNDLE_IDENTIFIER = com.spotbar.SpotBar;
				PRODUCT_NAME = "$(TARGET_NAME)";
				SWIFT_VERSION = 4.0;
				TARGETED_DEVICE_FAMILY = "1,2";
			};
			name = Release;
		};
		BF964140202AF1ED00B9D82F /* Debug */ = {
			isa = XCBuildConfiguration;
			baseConfigurationReference = F2D31AD18BC034EBF954E75B /* Pods-SpotBarTests.debug.xcconfig */;
			buildSettings = {
				ALWAYS_EMBED_SWIFT_STANDARD_LIBRARIES = YES;
				BUNDLE_LOADER = "$(TEST_HOST)";
				CODE_SIGN_STYLE = Automatic;
				INFOPLIST_FILE = SpotBarTests/Info.plist;
				LD_RUNPATH_SEARCH_PATHS = "$(inherited) @executable_path/Frameworks @loader_path/Frameworks";
				PRODUCT_BUNDLE_IDENTIFIER = com.spotbar.SpotBarTests;
				PRODUCT_NAME = "$(TARGET_NAME)";
				SWIFT_VERSION = 4.0;
				TARGETED_DEVICE_FAMILY = "1,2";
				TEST_HOST = "$(BUILT_PRODUCTS_DIR)/SpotBar.app/SpotBar";
			};
			name = Debug;
		};
		BF964141202AF1ED00B9D82F /* Release */ = {
			isa = XCBuildConfiguration;
			baseConfigurationReference = 539B55E9A8CACC3404487B74 /* Pods-SpotBarTests.release.xcconfig */;
			buildSettings = {
				ALWAYS_EMBED_SWIFT_STANDARD_LIBRARIES = YES;
				BUNDLE_LOADER = "$(TEST_HOST)";
				CODE_SIGN_STYLE = Automatic;
				INFOPLIST_FILE = SpotBarTests/Info.plist;
				LD_RUNPATH_SEARCH_PATHS = "$(inherited) @executable_path/Frameworks @loader_path/Frameworks";
				PRODUCT_BUNDLE_IDENTIFIER = com.spotbar.SpotBarTests;
				PRODUCT_NAME = "$(TARGET_NAME)";
				SWIFT_VERSION = 4.0;
				TARGETED_DEVICE_FAMILY = "1,2";
				TEST_HOST = "$(BUILT_PRODUCTS_DIR)/SpotBar.app/SpotBar";
			};
			name = Release;
		};
		BF964143202AF1ED00B9D82F /* Debug */ = {
			isa = XCBuildConfiguration;
			baseConfigurationReference = A9F05E38C933CA542CE8D2F9 /* Pods-SpotBarUITests.debug.xcconfig */;
			buildSettings = {
				ALWAYS_EMBED_SWIFT_STANDARD_LIBRARIES = YES;
				CODE_SIGN_STYLE = Automatic;
				INFOPLIST_FILE = SpotBarUITests/Info.plist;
				LD_RUNPATH_SEARCH_PATHS = "$(inherited) @executable_path/Frameworks @loader_path/Frameworks";
				PRODUCT_BUNDLE_IDENTIFIER = com.spotbar.SpotBarUITests;
				PRODUCT_NAME = "$(TARGET_NAME)";
				SWIFT_VERSION = 4.0;
				TARGETED_DEVICE_FAMILY = "1,2";
				TEST_TARGET_NAME = SpotBar;
			};
			name = Debug;
		};
		BF964144202AF1ED00B9D82F /* Release */ = {
			isa = XCBuildConfiguration;
			baseConfigurationReference = BA91538741EFBD2B7222638C /* Pods-SpotBarUITests.release.xcconfig */;
			buildSettings = {
				ALWAYS_EMBED_SWIFT_STANDARD_LIBRARIES = YES;
				CODE_SIGN_STYLE = Automatic;
				INFOPLIST_FILE = SpotBarUITests/Info.plist;
				LD_RUNPATH_SEARCH_PATHS = "$(inherited) @executable_path/Frameworks @loader_path/Frameworks";
				PRODUCT_BUNDLE_IDENTIFIER = com.spotbar.SpotBarUITests;
				PRODUCT_NAME = "$(TARGET_NAME)";
				SWIFT_VERSION = 4.0;
				TARGETED_DEVICE_FAMILY = "1,2";
				TEST_TARGET_NAME = SpotBar;
			};
			name = Release;
		};
/* End XCBuildConfiguration section */

/* Begin XCConfigurationList section */
		BF96410B202AF1EC00B9D82F /* Build configuration list for PBXProject "SpotBar" */ = {
			isa = XCConfigurationList;
			buildConfigurations = (
				BF96413A202AF1ED00B9D82F /* Debug */,
				BF96413B202AF1ED00B9D82F /* Release */,
			);
			defaultConfigurationIsVisible = 0;
			defaultConfigurationName = Release;
		};
		BF96413C202AF1ED00B9D82F /* Build configuration list for PBXNativeTarget "SpotBar" */ = {
			isa = XCConfigurationList;
			buildConfigurations = (
				BF96413D202AF1ED00B9D82F /* Debug */,
				BF96413E202AF1ED00B9D82F /* Release */,
			);
			defaultConfigurationIsVisible = 0;
			defaultConfigurationName = Release;
		};
		BF96413F202AF1ED00B9D82F /* Build configuration list for PBXNativeTarget "SpotBarTests" */ = {
			isa = XCConfigurationList;
			buildConfigurations = (
				BF964140202AF1ED00B9D82F /* Debug */,
				BF964141202AF1ED00B9D82F /* Release */,
			);
			defaultConfigurationIsVisible = 0;
			defaultConfigurationName = Release;
		};
		BF964142202AF1ED00B9D82F /* Build configuration list for PBXNativeTarget "SpotBarUITests" */ = {
			isa = XCConfigurationList;
			buildConfigurations = (
				BF964143202AF1ED00B9D82F /* Debug */,
				BF964144202AF1ED00B9D82F /* Release */,
			);
			defaultConfigurationIsVisible = 0;
			defaultConfigurationName = Release;
		};
/* End XCConfigurationList section */
	};
	rootObject = BF964108202AF1EC00B9D82F /* Project object */;
}
